
Microsoft Visual Studio Solution File, Format Version 12.00
# Visual Studio Version 17
VisualStudioVersion = 17.10.35013.160
MinimumVisualStudioVersion = 10.0.40219.1
Project("{FAE04EC0-301F-11D3-BF4B-00C04F79EFBC}") = "Reva-Api", "Reva-Api\Reva-Api.csproj", "{E51F3983-2708-42C4-81CC-E85623EF7C1E}"
EndProject
Global
	GlobalSection(SolutionConfigurationPlatforms) = preSolution
		Debug|Any CPU = Debug|Any CPU
		Release|Any CPU = Release|Any CPU
	EndGlobalSection
	GlobalSection(ProjectConfigurationPlatforms) = postSolution
		{E51F3983-2708-42C4-81CC-E85623EF7C1E}.Debug|Any CPU.ActiveCfg = Debug|Any CPU
		{E51F3983-2708-42C4-81CC-E85623EF7C1E}.Debug|Any CPU.Build.0 = Debug|Any CPU
		{E51F3983-2708-42C4-81CC-E85623EF7C1E}.Release|Any CPU.ActiveCfg = Release|Any CPU
		{E51F3983-2708-42C4-81CC-E85623EF7C1E}.Release|Any CPU.Build.0 = Release|Any CPU
	EndGlobalSection
	GlobalSection(SolutionProperties) = preSolution
		HideSolutionNode = FALSE
	EndGlobalSection
	GlobalSection(ExtensibilityGlobals) = postSolution
		SolutionGuid = {FAA8DA39-770B-4549-96C0-BDB7804A839B}
	EndGlobalSection
EndGlobal
